
Microsoft Visual Studio Solution File, Format Version 12.00
# Visual Studio Version 17
VisualStudioVersion = 17.8.34219.65
MinimumVisualStudioVersion = 10.0.40219.1
Project("{FAE04EC0-301F-11D3-BF4B-00C04F79EFBC}") = "01.AdvertisementMessage", "01.AdvertisementMessage\01.AdvertisementMessage.csproj", "{C5A8DE11-6254-48D7-A5F1-A5363F084AAE}"
EndProject
Project("{FAE04EC0-301F-11D3-BF4B-00C04F79EFBC}") = "02.Articles", "02.Articles\02.Articles.csproj", "{3330FDCD-AEE7-4860-94E9-017B63D068FA}"
EndProject
Project("{FAE04EC0-301F-11D3-BF4B-00C04F79EFBC}") = "03.Articles2.0", "03.Articles2.0\03.Articles2.0.csproj", "{91D3D5EE-3013-47B7-B320-2DE51F91FF3F}"
EndProject
Project("{FAE04EC0-301F-11D3-BF4B-00C04F79EFBC}") = "04.Students", "04.Students\04.Students.csproj", "{FE5FFB7D-0AF1-4581-BC6A-942F2B9512E9}"
EndProject
Project("{FAE04EC0-301F-11D3-BF4B-00C04F79EFBC}") = "05.TeamworkProjects", "05.TeamworkProjects\05.TeamworkProjects.csproj", "{C6533B42-BEC5-4C88-B5A1-2CE90E733D19}"
EndProject
Project("{FAE04EC0-301F-11D3-BF4B-00C04F79EFBC}") = "06.VehicleCatalogue", "06.VehicleCatalogue\06.VehicleCatalogue.csproj", "{A5237EF8-7C3F-4542-BEED-851BA52964AF}"
EndProject
Project("{FAE04EC0-301F-11D3-BF4B-00C04F79EFBC}") = "07.OrderByAge", "07.OrderByAge\07.OrderByAge.csproj", "{B1880A8C-49DF-4073-B020-03E90AB7AF74}"
EndProject
Global
	GlobalSection(SolutionConfigurationPlatforms) = preSolution
		Debug|Any CPU = Debug|Any CPU
		Release|Any CPU = Release|Any CPU
	EndGlobalSection
	GlobalSection(ProjectConfigurationPlatforms) = postSolution
		{C5A8DE11-6254-48D7-A5F1-A5363F084AAE}.Debug|Any CPU.ActiveCfg = Debug|Any CPU
		{C5A8DE11-6254-48D7-A5F1-A5363F084AAE}.Debug|Any CPU.Build.0 = Debug|Any CPU
		{C5A8DE11-6254-48D7-A5F1-A5363F084AAE}.Release|Any CPU.ActiveCfg = Release|Any CPU
		{C5A8DE11-6254-48D7-A5F1-A5363F084AAE}.Release|Any CPU.Build.0 = Release|Any CPU
		{3330FDCD-AEE7-4860-94E9-017B63D068FA}.Debug|Any CPU.ActiveCfg = Debug|Any CPU
		{3330FDCD-AEE7-4860-94E9-017B63D068FA}.Debug|Any CPU.Build.0 = Debug|Any CPU
		{3330FDCD-AEE7-4860-94E9-017B63D068FA}.Release|Any CPU.ActiveCfg = Release|Any CPU
		{3330FDCD-AEE7-4860-94E9-017B63D068FA}.Release|Any CPU.Build.0 = Release|Any CPU
		{91D3D5EE-3013-47B7-B320-2DE51F91FF3F}.Debug|Any CPU.ActiveCfg = Debug|Any CPU
		{91D3D5EE-3013-47B7-B320-2DE51F91FF3F}.Debug|Any CPU.Build.0 = Debug|Any CPU
		{91D3D5EE-3013-47B7-B320-2DE51F91FF3F}.Release|Any CPU.ActiveCfg = Release|Any CPU
		{91D3D5EE-3013-47B7-B320-2DE51F91FF3F}.Release|Any CPU.Build.0 = Release|Any CPU
		{FE5FFB7D-0AF1-4581-BC6A-942F2B9512E9}.Debug|Any CPU.ActiveCfg = Debug|Any CPU
		{FE5FFB7D-0AF1-4581-BC6A-942F2B9512E9}.Debug|Any CPU.Build.0 = Debug|Any CPU
		{FE5FFB7D-0AF1-4581-BC6A-942F2B9512E9}.Release|Any CPU.ActiveCfg = Release|Any CPU
		{FE5FFB7D-0AF1-4581-BC6A-942F2B9512E9}.Release|Any CPU.Build.0 = Release|Any CPU
		{C6533B42-BEC5-4C88-B5A1-2CE90E733D19}.Debug|Any CPU.ActiveCfg = Debug|Any CPU
		{C6533B42-BEC5-4C88-B5A1-2CE90E733D19}.Debug|Any CPU.Build.0 = Debug|Any CPU
		{C6533B42-BEC5-4C88-B5A1-2CE90E733D19}.Release|Any CPU.ActiveCfg = Release|Any CPU
		{C6533B42-BEC5-4C88-B5A1-2CE90E733D19}.Release|Any CPU.Build.0 = Release|Any CPU
		{A5237EF8-7C3F-4542-BEED-851BA52964AF}.Debug|Any CPU.ActiveCfg = Debug|Any CPU
		{A5237EF8-7C3F-4542-BEED-851BA52964AF}.Debug|Any CPU.Build.0 = Debug|Any CPU
		{A5237EF8-7C3F-4542-BEED-851BA52964AF}.Release|Any CPU.ActiveCfg = Release|Any CPU
		{A5237EF8-7C3F-4542-BEED-851BA52964AF}.Release|Any CPU.Build.0 = Release|Any CPU
		{B1880A8C-49DF-4073-B020-03E90AB7AF74}.Debug|Any CPU.ActiveCfg = Debug|Any CPU
		{B1880A8C-49DF-4073-B020-03E90AB7AF74}.Debug|Any CPU.Build.0 = Debug|Any CPU
		{B1880A8C-49DF-4073-B020-03E90AB7AF74}.Release|Any CPU.ActiveCfg = Release|Any CPU
		{B1880A8C-49DF-4073-B020-03E90AB7AF74}.Release|Any CPU.Build.0 = Release|Any CPU
	EndGlobalSection
	GlobalSection(SolutionProperties) = preSolution
		HideSolutionNode = FALSE
	EndGlobalSection
	GlobalSection(ExtensibilityGlobals) = postSolution
		SolutionGuid = {CBC6050C-2C30-4D32-B7B1-3EBE658D6DB6}
	EndGlobalSection
EndGlobal
