
Microsoft Visual Studio Solution File, Format Version 12.00
# Visual Studio Version 17
VisualStudioVersion = 17.9.34310.174
MinimumVisualStudioVersion = 10.0.40219.1
Project("{FAE04EC0-301F-11D3-BF4B-00C04F79EFBC}") = "01.Zadacha", "01.Zadacha\01.Zadacha.csproj", "{95A2018C-5BE7-4154-A6E4-BD11C92D7E9D}"
EndProject
Project("{FAE04EC0-301F-11D3-BF4B-00C04F79EFBC}") = "02.Zadacha", "02.Zadacha\02.Zadacha.csproj", "{EDDEFB69-AFD2-462C-B28E-CC22AB81ADA2}"
EndProject
Project("{FAE04EC0-301F-11D3-BF4B-00C04F79EFBC}") = "03.Zadacha", "03.Zadacha\03.Zadacha.csproj", "{C092D33F-BDDD-410E-A615-64402FEECD3D}"
EndProject
Global
	GlobalSection(SolutionConfigurationPlatforms) = preSolution
		Debug|Any CPU = Debug|Any CPU
		Release|Any CPU = Release|Any CPU
	EndGlobalSection
	GlobalSection(ProjectConfigurationPlatforms) = postSolution
		{95A2018C-5BE7-4154-A6E4-BD11C92D7E9D}.Debug|Any CPU.ActiveCfg = Debug|Any CPU
		{95A2018C-5BE7-4154-A6E4-BD11C92D7E9D}.Debug|Any CPU.Build.0 = Debug|Any CPU
		{95A2018C-5BE7-4154-A6E4-BD11C92D7E9D}.Release|Any CPU.ActiveCfg = Release|Any CPU
		{95A2018C-5BE7-4154-A6E4-BD11C92D7E9D}.Release|Any CPU.Build.0 = Release|Any CPU
		{EDDEFB69-AFD2-462C-B28E-CC22AB81ADA2}.Debug|Any CPU.ActiveCfg = Debug|Any CPU
		{EDDEFB69-AFD2-462C-B28E-CC22AB81ADA2}.Debug|Any CPU.Build.0 = Debug|Any CPU
		{EDDEFB69-AFD2-462C-B28E-CC22AB81ADA2}.Release|Any CPU.ActiveCfg = Release|Any CPU
		{EDDEFB69-AFD2-462C-B28E-CC22AB81ADA2}.Release|Any CPU.Build.0 = Release|Any CPU
		{C092D33F-BDDD-410E-A615-64402FEECD3D}.Debug|Any CPU.ActiveCfg = Debug|Any CPU
		{C092D33F-BDDD-410E-A615-64402FEECD3D}.Debug|Any CPU.Build.0 = Debug|Any CPU
		{C092D33F-BDDD-410E-A615-64402FEECD3D}.Release|Any CPU.ActiveCfg = Release|Any CPU
		{C092D33F-BDDD-410E-A615-64402FEECD3D}.Release|Any CPU.Build.0 = Release|Any CPU
	EndGlobalSection
	GlobalSection(SolutionProperties) = preSolution
		HideSolutionNode = FALSE
	EndGlobalSection
	GlobalSection(ExtensibilityGlobals) = postSolution
		SolutionGuid = {84BD0357-B6D2-4E45-98E1-1E01E3847AA2}
	EndGlobalSection
EndGlobal
