
Microsoft Visual Studio Solution File, Format Version 12.00
# Visual Studio Version 17
VisualStudioVersion = 17.9.34607.119
MinimumVisualStudioVersion = 10.0.40219.1
Project("{9A19103F-16F7-4668-BE54-9A1E7A4F7556}") = "SocialMediaManager", "SocialMediaManager\SocialMediaManager.csproj", "{B491DAFA-BB1C-45BE-8C47-20578063B24A}"
EndProject
Project("{9A19103F-16F7-4668-BE54-9A1E7A4F7556}") = "SocialMediaManager.Tests", "SocialMediaManager.Tests\SocialMediaManager.Tests.csproj", "{A5EC62BE-F890-49A9-84A5-E334BC8D8506}"
EndProject
Project("{9A19103F-16F7-4668-BE54-9A1E7A4F7556}") = "InfluencerManagerApp", "InfluencerManagerApp\InfluencerManagerApp.csproj", "{FEF33DEA-9057-44D7-B0F3-4E77C5F30CD3}"
EndProject
Global
	GlobalSection(SolutionConfigurationPlatforms) = preSolution
		Debug|Any CPU = Debug|Any CPU
		Release|Any CPU = Release|Any CPU
	EndGlobalSection
	GlobalSection(ProjectConfigurationPlatforms) = postSolution
		{B491DAFA-BB1C-45BE-8C47-20578063B24A}.Debug|Any CPU.ActiveCfg = Debug|Any CPU
		{B491DAFA-BB1C-45BE-8C47-20578063B24A}.Debug|Any CPU.Build.0 = Debug|Any CPU
		{B491DAFA-BB1C-45BE-8C47-20578063B24A}.Release|Any CPU.ActiveCfg = Release|Any CPU
		{B491DAFA-BB1C-45BE-8C47-20578063B24A}.Release|Any CPU.Build.0 = Release|Any CPU
		{A5EC62BE-F890-49A9-84A5-E334BC8D8506}.Debug|Any CPU.ActiveCfg = Debug|Any CPU
		{A5EC62BE-F890-49A9-84A5-E334BC8D8506}.Debug|Any CPU.Build.0 = Debug|Any CPU
		{A5EC62BE-F890-49A9-84A5-E334BC8D8506}.Release|Any CPU.ActiveCfg = Release|Any CPU
		{A5EC62BE-F890-49A9-84A5-E334BC8D8506}.Release|Any CPU.Build.0 = Release|Any CPU
		{FEF33DEA-9057-44D7-B0F3-4E77C5F30CD3}.Debug|Any CPU.ActiveCfg = Debug|Any CPU
		{FEF33DEA-9057-44D7-B0F3-4E77C5F30CD3}.Debug|Any CPU.Build.0 = Debug|Any CPU
		{FEF33DEA-9057-44D7-B0F3-4E77C5F30CD3}.Release|Any CPU.ActiveCfg = Release|Any CPU
		{FEF33DEA-9057-44D7-B0F3-4E77C5F30CD3}.Release|Any CPU.Build.0 = Release|Any CPU
	EndGlobalSection
	GlobalSection(SolutionProperties) = preSolution
		HideSolutionNode = FALSE
	EndGlobalSection
	GlobalSection(ExtensibilityGlobals) = postSolution
		SolutionGuid = {18F599EE-F093-4801-B12E-CA5D5A966125}
	EndGlobalSection
EndGlobal
