
Microsoft Visual Studio Solution File, Format Version 12.00
# Visual Studio Version 17
VisualStudioVersion = 17.9.34310.174
MinimumVisualStudioVersion = 10.0.40219.1
Project("{9A19103F-16F7-4668-BE54-9A1E7A4F7556}") = "01.ValidUsernames", "1.ValidUsernames\01.ValidUsernames.csproj", "{BC27AF23-1CA7-4E15-B3A7-AB571CBE1BED}"
EndProject
Project("{9A19103F-16F7-4668-BE54-9A1E7A4F7556}") = "02.CharacterMultiplier", "..\..\..\..\..\..\..\source\repos\02.CharacterMultiplier\02.CharacterMultiplier.csproj", "{878F2E35-0EBF-4F97-82B8-0C4C087ED60C}"
EndProject
Project("{9A19103F-16F7-4668-BE54-9A1E7A4F7556}") = "03.ExtractFile", "3.ExtractFile\03.ExtractFile.csproj", "{13F77C1E-ED8F-4B5A-9179-96C9EA8DF99C}"
EndProject
Project("{9A19103F-16F7-4668-BE54-9A1E7A4F7556}") = "04.CaesarCipher", "04.CaesarCipher\04.CaesarCipher.csproj", "{0D20DD3B-5E8D-451F-8FED-67B4B33CEBA6}"
EndProject
Project("{9A19103F-16F7-4668-BE54-9A1E7A4F7556}") = "05.MultiplyBigNumber", "05.MultiplyBigNumber\05.MultiplyBigNumber.csproj", "{84E72383-2DAE-43A6-94E4-638C8C4D8EDC}"
EndProject
Project("{9A19103F-16F7-4668-BE54-9A1E7A4F7556}") = "06.ReplaceRepeatingChars", "06.ReplaceRepeatingChars\06.ReplaceRepeatingChars.csproj", "{5F44C6A7-448E-4F8E-8C3A-AF0AA050497F}"
EndProject
Global
	GlobalSection(SolutionConfigurationPlatforms) = preSolution
		Debug|Any CPU = Debug|Any CPU
		Release|Any CPU = Release|Any CPU
	EndGlobalSection
	GlobalSection(ProjectConfigurationPlatforms) = postSolution
		{BC27AF23-1CA7-4E15-B3A7-AB571CBE1BED}.Debug|Any CPU.ActiveCfg = Debug|Any CPU
		{BC27AF23-1CA7-4E15-B3A7-AB571CBE1BED}.Debug|Any CPU.Build.0 = Debug|Any CPU
		{BC27AF23-1CA7-4E15-B3A7-AB571CBE1BED}.Release|Any CPU.ActiveCfg = Release|Any CPU
		{BC27AF23-1CA7-4E15-B3A7-AB571CBE1BED}.Release|Any CPU.Build.0 = Release|Any CPU
		{878F2E35-0EBF-4F97-82B8-0C4C087ED60C}.Debug|Any CPU.ActiveCfg = Debug|Any CPU
		{878F2E35-0EBF-4F97-82B8-0C4C087ED60C}.Debug|Any CPU.Build.0 = Debug|Any CPU
		{878F2E35-0EBF-4F97-82B8-0C4C087ED60C}.Release|Any CPU.ActiveCfg = Release|Any CPU
		{878F2E35-0EBF-4F97-82B8-0C4C087ED60C}.Release|Any CPU.Build.0 = Release|Any CPU
		{13F77C1E-ED8F-4B5A-9179-96C9EA8DF99C}.Debug|Any CPU.ActiveCfg = Debug|Any CPU
		{13F77C1E-ED8F-4B5A-9179-96C9EA8DF99C}.Debug|Any CPU.Build.0 = Debug|Any CPU
		{13F77C1E-ED8F-4B5A-9179-96C9EA8DF99C}.Release|Any CPU.ActiveCfg = Release|Any CPU
		{13F77C1E-ED8F-4B5A-9179-96C9EA8DF99C}.Release|Any CPU.Build.0 = Release|Any CPU
		{0D20DD3B-5E8D-451F-8FED-67B4B33CEBA6}.Debug|Any CPU.ActiveCfg = Debug|Any CPU
		{0D20DD3B-5E8D-451F-8FED-67B4B33CEBA6}.Debug|Any CPU.Build.0 = Debug|Any CPU
		{0D20DD3B-5E8D-451F-8FED-67B4B33CEBA6}.Release|Any CPU.ActiveCfg = Release|Any CPU
		{0D20DD3B-5E8D-451F-8FED-67B4B33CEBA6}.Release|Any CPU.Build.0 = Release|Any CPU
		{84E72383-2DAE-43A6-94E4-638C8C4D8EDC}.Debug|Any CPU.ActiveCfg = Debug|Any CPU
		{84E72383-2DAE-43A6-94E4-638C8C4D8EDC}.Debug|Any CPU.Build.0 = Debug|Any CPU
		{84E72383-2DAE-43A6-94E4-638C8C4D8EDC}.Release|Any CPU.ActiveCfg = Release|Any CPU
		{84E72383-2DAE-43A6-94E4-638C8C4D8EDC}.Release|Any CPU.Build.0 = Release|Any CPU
		{5F44C6A7-448E-4F8E-8C3A-AF0AA050497F}.Debug|Any CPU.ActiveCfg = Debug|Any CPU
		{5F44C6A7-448E-4F8E-8C3A-AF0AA050497F}.Debug|Any CPU.Build.0 = Debug|Any CPU
		{5F44C6A7-448E-4F8E-8C3A-AF0AA050497F}.Release|Any CPU.ActiveCfg = Release|Any CPU
		{5F44C6A7-448E-4F8E-8C3A-AF0AA050497F}.Release|Any CPU.Build.0 = Release|Any CPU
	EndGlobalSection
	GlobalSection(SolutionProperties) = preSolution
		HideSolutionNode = FALSE
	EndGlobalSection
	GlobalSection(ExtensibilityGlobals) = postSolution
		SolutionGuid = {B5C6127F-22E8-4962-96B2-0736E2A12876}
	EndGlobalSection
EndGlobal
