
Microsoft Visual Studio Solution File, Format Version 12.00
# Visual Studio Version 17
VisualStudioVersion = 17.9.34321.82
MinimumVisualStudioVersion = 10.0.40219.1
Project("{9A19103F-16F7-4668-BE54-9A1E7A4F7556}") = "02.BasicQueueOperations", "02.BasicQueueOperations\02.BasicQueueOperations.csproj", "{E9F0AE85-D417-4CFA-B0DB-2B5064051372}"
EndProject
Project("{9A19103F-16F7-4668-BE54-9A1E7A4F7556}") = "01.BasicStackOperations", "01.BasicStackOperations\01.BasicStackOperations.csproj", "{1348C162-8167-434E-80DC-A98DE67BC2D8}"
EndProject
Project("{9A19103F-16F7-4668-BE54-9A1E7A4F7556}") = "03.MaximumAndMinimumElement", "03.MaximumAndMinimumElement\03.MaximumAndMinimumElement.csproj", "{68C89184-7661-484F-A758-5BDD37FF7E5C}"
EndProject
Project("{9A19103F-16F7-4668-BE54-9A1E7A4F7556}") = "04.FastFood", "04.FastFood\04.FastFood.csproj", "{FA6EEB5C-61D5-418B-BF16-C0FC6EE78598}"
EndProject
Project("{9A19103F-16F7-4668-BE54-9A1E7A4F7556}") = "05.FashionBoutique", "05.FashionBoutique\05.FashionBoutique.csproj", "{2B50DABE-B468-40BC-85A6-B4D2F2CACD96}"
EndProject
Project("{9A19103F-16F7-4668-BE54-9A1E7A4F7556}") = "demo", "demo\demo.csproj", "{981F28F3-C477-460A-B2EE-EC9095A36661}"
EndProject
Project("{9A19103F-16F7-4668-BE54-9A1E7A4F7556}") = "06.SongQueue", "06.SongsQueue\06.SongQueue.csproj", "{986B5941-3A6C-487A-9CA3-04605DA06D99}"
EndProject
Global
	GlobalSection(SolutionConfigurationPlatforms) = preSolution
		Debug|Any CPU = Debug|Any CPU
		Release|Any CPU = Release|Any CPU
	EndGlobalSection
	GlobalSection(ProjectConfigurationPlatforms) = postSolution
		{E9F0AE85-D417-4CFA-B0DB-2B5064051372}.Debug|Any CPU.ActiveCfg = Debug|Any CPU
		{E9F0AE85-D417-4CFA-B0DB-2B5064051372}.Debug|Any CPU.Build.0 = Debug|Any CPU
		{E9F0AE85-D417-4CFA-B0DB-2B5064051372}.Release|Any CPU.ActiveCfg = Release|Any CPU
		{E9F0AE85-D417-4CFA-B0DB-2B5064051372}.Release|Any CPU.Build.0 = Release|Any CPU
		{1348C162-8167-434E-80DC-A98DE67BC2D8}.Debug|Any CPU.ActiveCfg = Debug|Any CPU
		{1348C162-8167-434E-80DC-A98DE67BC2D8}.Debug|Any CPU.Build.0 = Debug|Any CPU
		{1348C162-8167-434E-80DC-A98DE67BC2D8}.Release|Any CPU.ActiveCfg = Release|Any CPU
		{1348C162-8167-434E-80DC-A98DE67BC2D8}.Release|Any CPU.Build.0 = Release|Any CPU
		{68C89184-7661-484F-A758-5BDD37FF7E5C}.Debug|Any CPU.ActiveCfg = Debug|Any CPU
		{68C89184-7661-484F-A758-5BDD37FF7E5C}.Debug|Any CPU.Build.0 = Debug|Any CPU
		{68C89184-7661-484F-A758-5BDD37FF7E5C}.Release|Any CPU.ActiveCfg = Release|Any CPU
		{68C89184-7661-484F-A758-5BDD37FF7E5C}.Release|Any CPU.Build.0 = Release|Any CPU
		{FA6EEB5C-61D5-418B-BF16-C0FC6EE78598}.Debug|Any CPU.ActiveCfg = Debug|Any CPU
		{FA6EEB5C-61D5-418B-BF16-C0FC6EE78598}.Debug|Any CPU.Build.0 = Debug|Any CPU
		{FA6EEB5C-61D5-418B-BF16-C0FC6EE78598}.Release|Any CPU.ActiveCfg = Release|Any CPU
		{FA6EEB5C-61D5-418B-BF16-C0FC6EE78598}.Release|Any CPU.Build.0 = Release|Any CPU
		{2B50DABE-B468-40BC-85A6-B4D2F2CACD96}.Debug|Any CPU.ActiveCfg = Debug|Any CPU
		{2B50DABE-B468-40BC-85A6-B4D2F2CACD96}.Debug|Any CPU.Build.0 = Debug|Any CPU
		{2B50DABE-B468-40BC-85A6-B4D2F2CACD96}.Release|Any CPU.ActiveCfg = Release|Any CPU
		{2B50DABE-B468-40BC-85A6-B4D2F2CACD96}.Release|Any CPU.Build.0 = Release|Any CPU
		{981F28F3-C477-460A-B2EE-EC9095A36661}.Debug|Any CPU.ActiveCfg = Debug|Any CPU
		{981F28F3-C477-460A-B2EE-EC9095A36661}.Debug|Any CPU.Build.0 = Debug|Any CPU
		{981F28F3-C477-460A-B2EE-EC9095A36661}.Release|Any CPU.ActiveCfg = Release|Any CPU
		{981F28F3-C477-460A-B2EE-EC9095A36661}.Release|Any CPU.Build.0 = Release|Any CPU
		{986B5941-3A6C-487A-9CA3-04605DA06D99}.Debug|Any CPU.ActiveCfg = Debug|Any CPU
		{986B5941-3A6C-487A-9CA3-04605DA06D99}.Debug|Any CPU.Build.0 = Debug|Any CPU
		{986B5941-3A6C-487A-9CA3-04605DA06D99}.Release|Any CPU.ActiveCfg = Release|Any CPU
		{986B5941-3A6C-487A-9CA3-04605DA06D99}.Release|Any CPU.Build.0 = Release|Any CPU
	EndGlobalSection
	GlobalSection(SolutionProperties) = preSolution
		HideSolutionNode = FALSE
	EndGlobalSection
	GlobalSection(ExtensibilityGlobals) = postSolution
		SolutionGuid = {03B8C135-9D85-4B0A-89AD-6FCD9E255848}
	EndGlobalSection
EndGlobal
