
Microsoft Visual Studio Solution File, Format Version 12.00
# Visual Studio Version 17
VisualStudioVersion = 17.9.34518.117
MinimumVisualStudioVersion = 10.0.40219.1
Project("{9A19103F-16F7-4668-BE54-9A1E7A4F7556}") = "01.OffroadChallenge", "01.OffroadChallenge\01.OffroadChallenge.csproj", "{228D411C-0636-4280-A35D-32EFEA41C02F}"
EndProject
Project("{9A19103F-16F7-4668-BE54-9A1E7A4F7556}") = "02.FishingCompetition", "02.FishingCompetition\02.FishingCompetition.csproj", "{385C7702-014F-400D-8ED6-6AC136A46849}"
EndProject
Project("{9A19103F-16F7-4668-BE54-9A1E7A4F7556}") = "MailClient", "03.MailClient\MailClient.csproj", "{D4774DDC-0013-4A67-95F0-D4202A77CE09}"
EndProject
Project("{9A19103F-16F7-4668-BE54-9A1E7A4F7556}") = "demo", "demo\demo.csproj", "{B12D16A0-AD3B-427A-832D-2C304E6F8F3F}"
EndProject
Project("{FAE04EC0-301F-11D3-BF4B-00C04F79EFBC}") = "04.TempleOfDoom", "04.TempleOfDoom\04.TempleOfDoom.csproj", "{A70D1513-5504-465A-88D3-493C1B5F1FD1}"
EndProject
Project("{FAE04EC0-301F-11D3-BF4B-00C04F79EFBC}") = "05.MouseInTheKitchen", "05.MouseInTheKitchen\05.MouseInTheKitchen.csproj", "{AAF9A956-3E78-4617-B1ED-52C52C1D8451}"
EndProject
Global
	GlobalSection(SolutionConfigurationPlatforms) = preSolution
		Debug|Any CPU = Debug|Any CPU
		Release|Any CPU = Release|Any CPU
	EndGlobalSection
	GlobalSection(ProjectConfigurationPlatforms) = postSolution
		{228D411C-0636-4280-A35D-32EFEA41C02F}.Debug|Any CPU.ActiveCfg = Debug|Any CPU
		{228D411C-0636-4280-A35D-32EFEA41C02F}.Debug|Any CPU.Build.0 = Debug|Any CPU
		{228D411C-0636-4280-A35D-32EFEA41C02F}.Release|Any CPU.ActiveCfg = Release|Any CPU
		{228D411C-0636-4280-A35D-32EFEA41C02F}.Release|Any CPU.Build.0 = Release|Any CPU
		{385C7702-014F-400D-8ED6-6AC136A46849}.Debug|Any CPU.ActiveCfg = Debug|Any CPU
		{385C7702-014F-400D-8ED6-6AC136A46849}.Debug|Any CPU.Build.0 = Debug|Any CPU
		{385C7702-014F-400D-8ED6-6AC136A46849}.Release|Any CPU.ActiveCfg = Release|Any CPU
		{385C7702-014F-400D-8ED6-6AC136A46849}.Release|Any CPU.Build.0 = Release|Any CPU
		{D4774DDC-0013-4A67-95F0-D4202A77CE09}.Debug|Any CPU.ActiveCfg = Debug|Any CPU
		{D4774DDC-0013-4A67-95F0-D4202A77CE09}.Debug|Any CPU.Build.0 = Debug|Any CPU
		{D4774DDC-0013-4A67-95F0-D4202A77CE09}.Release|Any CPU.ActiveCfg = Release|Any CPU
		{D4774DDC-0013-4A67-95F0-D4202A77CE09}.Release|Any CPU.Build.0 = Release|Any CPU
		{B12D16A0-AD3B-427A-832D-2C304E6F8F3F}.Debug|Any CPU.ActiveCfg = Debug|Any CPU
		{B12D16A0-AD3B-427A-832D-2C304E6F8F3F}.Debug|Any CPU.Build.0 = Debug|Any CPU
		{B12D16A0-AD3B-427A-832D-2C304E6F8F3F}.Release|Any CPU.ActiveCfg = Release|Any CPU
		{B12D16A0-AD3B-427A-832D-2C304E6F8F3F}.Release|Any CPU.Build.0 = Release|Any CPU
		{A70D1513-5504-465A-88D3-493C1B5F1FD1}.Debug|Any CPU.ActiveCfg = Debug|Any CPU
		{A70D1513-5504-465A-88D3-493C1B5F1FD1}.Debug|Any CPU.Build.0 = Debug|Any CPU
		{A70D1513-5504-465A-88D3-493C1B5F1FD1}.Release|Any CPU.ActiveCfg = Release|Any CPU
		{A70D1513-5504-465A-88D3-493C1B5F1FD1}.Release|Any CPU.Build.0 = Release|Any CPU
		{AAF9A956-3E78-4617-B1ED-52C52C1D8451}.Debug|Any CPU.ActiveCfg = Debug|Any CPU
		{AAF9A956-3E78-4617-B1ED-52C52C1D8451}.Debug|Any CPU.Build.0 = Debug|Any CPU
		{AAF9A956-3E78-4617-B1ED-52C52C1D8451}.Release|Any CPU.ActiveCfg = Release|Any CPU
		{AAF9A956-3E78-4617-B1ED-52C52C1D8451}.Release|Any CPU.Build.0 = Release|Any CPU
	EndGlobalSection
	GlobalSection(SolutionProperties) = preSolution
		HideSolutionNode = FALSE
	EndGlobalSection
	GlobalSection(ExtensibilityGlobals) = postSolution
		SolutionGuid = {98A08873-62B8-44DC-AF56-0DCDA2254221}
	EndGlobalSection
EndGlobal
