
Microsoft Visual Studio Solution File, Format Version 12.00
# Visual Studio Version 17
VisualStudioVersion = 17.9.34518.117
MinimumVisualStudioVersion = 10.0.40219.1
Project("{FAE04EC0-301F-11D3-BF4B-00C04F79EFBC}") = "01.ClassBoxData", "01.ClassBoxData\01.ClassBoxData.csproj", "{D9DAD199-4D2B-4861-AFB7-924E7A1CD433}"
EndProject
Project("{9A19103F-16F7-4668-BE54-9A1E7A4F7556}") = "AnimalFarm", "02.AnimalFarm\AnimalFarm.csproj", "{B5CA816E-1613-4BE3-B4A4-377F3FD326B3}"
EndProject
Global
	GlobalSection(SolutionConfigurationPlatforms) = preSolution
		Debug|Any CPU = Debug|Any CPU
		Release|Any CPU = Release|Any CPU
	EndGlobalSection
	GlobalSection(ProjectConfigurationPlatforms) = postSolution
		{D9DAD199-4D2B-4861-AFB7-924E7A1CD433}.Debug|Any CPU.ActiveCfg = Debug|Any CPU
		{D9DAD199-4D2B-4861-AFB7-924E7A1CD433}.Debug|Any CPU.Build.0 = Debug|Any CPU
		{D9DAD199-4D2B-4861-AFB7-924E7A1CD433}.Release|Any CPU.ActiveCfg = Release|Any CPU
		{D9DAD199-4D2B-4861-AFB7-924E7A1CD433}.Release|Any CPU.Build.0 = Release|Any CPU
		{B5CA816E-1613-4BE3-B4A4-377F3FD326B3}.Debug|Any CPU.ActiveCfg = Debug|Any CPU
		{B5CA816E-1613-4BE3-B4A4-377F3FD326B3}.Debug|Any CPU.Build.0 = Debug|Any CPU
		{B5CA816E-1613-4BE3-B4A4-377F3FD326B3}.Release|Any CPU.ActiveCfg = Release|Any CPU
		{B5CA816E-1613-4BE3-B4A4-377F3FD326B3}.Release|Any CPU.Build.0 = Release|Any CPU
	EndGlobalSection
	GlobalSection(SolutionProperties) = preSolution
		HideSolutionNode = FALSE
	EndGlobalSection
	GlobalSection(ExtensibilityGlobals) = postSolution
		SolutionGuid = {D0C643F7-EFF8-4D8D-B33C-8CC6A91FAF1A}
	EndGlobalSection
EndGlobal
