
Microsoft Visual Studio Solution File, Format Version 12.00
# Visual Studio Version 17
VisualStudioVersion = 17.6.33815.320
MinimumVisualStudioVersion = 10.0.40219.1
Project("{9A19103F-16F7-4668-BE54-9A1E7A4F7556}") = "ConsoleApp1", "ConsoleApp1\ConsoleApp1.csproj", "{BC98015B-5116-4277-BE84-F8F8B109F34C}"
EndProject
Project("{FAE04EC0-301F-11D3-BF4B-00C04F79EFBC}") = "ConsoleApp2", "ConsoleApp2\ConsoleApp2.csproj", "{C30B5FF0-28D3-49AE-9134-46987FC7E63C}"
EndProject
Project("{FAE04EC0-301F-11D3-BF4B-00C04F79EFBC}") = "1vaZadacha", "1vaZadacha\1vaZadacha.csproj", "{08DB04F0-77B6-4684-B00E-A532C0DEEEA7}"
EndProject
Project("{FAE04EC0-301F-11D3-BF4B-00C04F79EFBC}") = "2raZadacha", "2raZadacha\2raZadacha.csproj", "{52248735-2194-4641-B2D6-7AD68E35C56D}"
EndProject
Project("{FAE04EC0-301F-11D3-BF4B-00C04F79EFBC}") = "3taZadacha", "3taZadacha\3taZadacha.csproj", "{900D596C-9281-4343-BE78-C1187C1CB4BB}"
EndProject
Project("{FAE04EC0-301F-11D3-BF4B-00C04F79EFBC}") = "4taZadacha", "4taZadacha\4taZadacha.csproj", "{10CAA02F-861A-464C-97E8-1A25916ACC79}"
EndProject
Project("{FAE04EC0-301F-11D3-BF4B-00C04F79EFBC}") = "5taZadacha", "5taZadacha\5taZadacha.csproj", "{2740CF3A-DDE8-405F-84B8-605E92B91450}"
EndProject
Project("{FAE04EC0-301F-11D3-BF4B-00C04F79EFBC}") = "6taZadacha", "6taZadacha\6taZadacha.csproj", "{073A1507-B456-4F89-AB7C-4BDD53F6D38F}"
EndProject
Global
	GlobalSection(SolutionConfigurationPlatforms) = preSolution
		Debug|Any CPU = Debug|Any CPU
		Release|Any CPU = Release|Any CPU
	EndGlobalSection
	GlobalSection(ProjectConfigurationPlatforms) = postSolution
		{BC98015B-5116-4277-BE84-F8F8B109F34C}.Debug|Any CPU.ActiveCfg = Debug|Any CPU
		{BC98015B-5116-4277-BE84-F8F8B109F34C}.Debug|Any CPU.Build.0 = Debug|Any CPU
		{BC98015B-5116-4277-BE84-F8F8B109F34C}.Release|Any CPU.ActiveCfg = Release|Any CPU
		{BC98015B-5116-4277-BE84-F8F8B109F34C}.Release|Any CPU.Build.0 = Release|Any CPU
		{C30B5FF0-28D3-49AE-9134-46987FC7E63C}.Debug|Any CPU.ActiveCfg = Debug|Any CPU
		{C30B5FF0-28D3-49AE-9134-46987FC7E63C}.Debug|Any CPU.Build.0 = Debug|Any CPU
		{C30B5FF0-28D3-49AE-9134-46987FC7E63C}.Release|Any CPU.ActiveCfg = Release|Any CPU
		{C30B5FF0-28D3-49AE-9134-46987FC7E63C}.Release|Any CPU.Build.0 = Release|Any CPU
		{08DB04F0-77B6-4684-B00E-A532C0DEEEA7}.Debug|Any CPU.ActiveCfg = Debug|Any CPU
		{08DB04F0-77B6-4684-B00E-A532C0DEEEA7}.Debug|Any CPU.Build.0 = Debug|Any CPU
		{08DB04F0-77B6-4684-B00E-A532C0DEEEA7}.Release|Any CPU.ActiveCfg = Release|Any CPU
		{08DB04F0-77B6-4684-B00E-A532C0DEEEA7}.Release|Any CPU.Build.0 = Release|Any CPU
		{52248735-2194-4641-B2D6-7AD68E35C56D}.Debug|Any CPU.ActiveCfg = Debug|Any CPU
		{52248735-2194-4641-B2D6-7AD68E35C56D}.Debug|Any CPU.Build.0 = Debug|Any CPU
		{52248735-2194-4641-B2D6-7AD68E35C56D}.Release|Any CPU.ActiveCfg = Release|Any CPU
		{52248735-2194-4641-B2D6-7AD68E35C56D}.Release|Any CPU.Build.0 = Release|Any CPU
		{900D596C-9281-4343-BE78-C1187C1CB4BB}.Debug|Any CPU.ActiveCfg = Debug|Any CPU
		{900D596C-9281-4343-BE78-C1187C1CB4BB}.Debug|Any CPU.Build.0 = Debug|Any CPU
		{900D596C-9281-4343-BE78-C1187C1CB4BB}.Release|Any CPU.ActiveCfg = Release|Any CPU
		{900D596C-9281-4343-BE78-C1187C1CB4BB}.Release|Any CPU.Build.0 = Release|Any CPU
		{10CAA02F-861A-464C-97E8-1A25916ACC79}.Debug|Any CPU.ActiveCfg = Debug|Any CPU
		{10CAA02F-861A-464C-97E8-1A25916ACC79}.Debug|Any CPU.Build.0 = Debug|Any CPU
		{10CAA02F-861A-464C-97E8-1A25916ACC79}.Release|Any CPU.ActiveCfg = Release|Any CPU
		{10CAA02F-861A-464C-97E8-1A25916ACC79}.Release|Any CPU.Build.0 = Release|Any CPU
		{2740CF3A-DDE8-405F-84B8-605E92B91450}.Debug|Any CPU.ActiveCfg = Debug|Any CPU
		{2740CF3A-DDE8-405F-84B8-605E92B91450}.Debug|Any CPU.Build.0 = Debug|Any CPU
		{2740CF3A-DDE8-405F-84B8-605E92B91450}.Release|Any CPU.ActiveCfg = Release|Any CPU
		{2740CF3A-DDE8-405F-84B8-605E92B91450}.Release|Any CPU.Build.0 = Release|Any CPU
		{073A1507-B456-4F89-AB7C-4BDD53F6D38F}.Debug|Any CPU.ActiveCfg = Debug|Any CPU
		{073A1507-B456-4F89-AB7C-4BDD53F6D38F}.Debug|Any CPU.Build.0 = Debug|Any CPU
		{073A1507-B456-4F89-AB7C-4BDD53F6D38F}.Release|Any CPU.ActiveCfg = Release|Any CPU
		{073A1507-B456-4F89-AB7C-4BDD53F6D38F}.Release|Any CPU.Build.0 = Release|Any CPU
	EndGlobalSection
	GlobalSection(SolutionProperties) = preSolution
		HideSolutionNode = FALSE
	EndGlobalSection
	GlobalSection(ExtensibilityGlobals) = postSolution
		SolutionGuid = {3C09C7DA-D2CD-4EE4-8EC1-19837CDF3540}
	EndGlobalSection
EndGlobal
