
Microsoft Visual Studio Solution File, Format Version 12.00
# Visual Studio Version 17
VisualStudioVersion = 17.9.34407.89
MinimumVisualStudioVersion = 10.0.40219.1
Project("{9A19103F-16F7-4668-BE54-9A1E7A4F7556}") = "01.DiagonalDifference", "01.DiagonalDifference\01.DiagonalDifference.csproj", "{E6D9E232-9CD5-4983-8B48-48EAECC8D32E}"
EndProject
Project("{9A19103F-16F7-4668-BE54-9A1E7A4F7556}") = "02.SquaresInMatrix", "02.SquaresInMatrix\02.SquaresInMatrix.csproj", "{F8C24D0D-CEC1-4AC8-A1CF-0F42FCD45422}"
EndProject
Project("{9A19103F-16F7-4668-BE54-9A1E7A4F7556}") = "03.MaximalSum", "03.MaximalSum\03.MaximalSum.csproj", "{5DE505FE-EE53-4D3D-A2D2-5883893C2A21}"
EndProject
Project("{9A19103F-16F7-4668-BE54-9A1E7A4F7556}") = "04.MatrixShuffling", "04.MatrixShuffling\04.MatrixShuffling.csproj", "{A5F24E4A-8412-407D-B85F-A4A60012C061}"
EndProject
Project("{9A19103F-16F7-4668-BE54-9A1E7A4F7556}") = "05.SnakeMoves", "05.SnakeMoves\05.SnakeMoves.csproj", "{819569A2-C97E-43DD-93BE-FB30B3EC918F}"
EndProject
Project("{9A19103F-16F7-4668-BE54-9A1E7A4F7556}") = "06.JaggedArrayManipulator", "06.JaggedArrayManipulator\06.JaggedArrayManipulator.csproj", "{220BF5D7-0225-4037-BCA3-987A3BB63504}"
EndProject
Project("{9A19103F-16F7-4668-BE54-9A1E7A4F7556}") = "07.KnightGame", "07.KnightGame\07.KnightGame.csproj", "{F36B56B5-B5C9-40A7-BD32-1F56DAC4AFE6}"
EndProject
Project("{9A19103F-16F7-4668-BE54-9A1E7A4F7556}") = "08.Bombs [extra]", "08.Bombs [extra]\08.Bombs [extra].csproj", "{5EA1267D-7064-44A2-B56C-CA5F7F1F11C3}"
EndProject
Project("{9A19103F-16F7-4668-BE54-9A1E7A4F7556}") = "09.Miner [extra]", "09.Miner [extra]\09.Miner [extra].csproj", "{CCBE7C36-F832-4008-B2BB-3C0F03B39DD4}"
EndProject
Global
	GlobalSection(SolutionConfigurationPlatforms) = preSolution
		Debug|Any CPU = Debug|Any CPU
		Release|Any CPU = Release|Any CPU
	EndGlobalSection
	GlobalSection(ProjectConfigurationPlatforms) = postSolution
		{E6D9E232-9CD5-4983-8B48-48EAECC8D32E}.Debug|Any CPU.ActiveCfg = Debug|Any CPU
		{E6D9E232-9CD5-4983-8B48-48EAECC8D32E}.Debug|Any CPU.Build.0 = Debug|Any CPU
		{E6D9E232-9CD5-4983-8B48-48EAECC8D32E}.Release|Any CPU.ActiveCfg = Release|Any CPU
		{E6D9E232-9CD5-4983-8B48-48EAECC8D32E}.Release|Any CPU.Build.0 = Release|Any CPU
		{F8C24D0D-CEC1-4AC8-A1CF-0F42FCD45422}.Debug|Any CPU.ActiveCfg = Debug|Any CPU
		{F8C24D0D-CEC1-4AC8-A1CF-0F42FCD45422}.Debug|Any CPU.Build.0 = Debug|Any CPU
		{F8C24D0D-CEC1-4AC8-A1CF-0F42FCD45422}.Release|Any CPU.ActiveCfg = Release|Any CPU
		{F8C24D0D-CEC1-4AC8-A1CF-0F42FCD45422}.Release|Any CPU.Build.0 = Release|Any CPU
		{5DE505FE-EE53-4D3D-A2D2-5883893C2A21}.Debug|Any CPU.ActiveCfg = Debug|Any CPU
		{5DE505FE-EE53-4D3D-A2D2-5883893C2A21}.Debug|Any CPU.Build.0 = Debug|Any CPU
		{5DE505FE-EE53-4D3D-A2D2-5883893C2A21}.Release|Any CPU.ActiveCfg = Release|Any CPU
		{5DE505FE-EE53-4D3D-A2D2-5883893C2A21}.Release|Any CPU.Build.0 = Release|Any CPU
		{A5F24E4A-8412-407D-B85F-A4A60012C061}.Debug|Any CPU.ActiveCfg = Debug|Any CPU
		{A5F24E4A-8412-407D-B85F-A4A60012C061}.Debug|Any CPU.Build.0 = Debug|Any CPU
		{A5F24E4A-8412-407D-B85F-A4A60012C061}.Release|Any CPU.ActiveCfg = Release|Any CPU
		{A5F24E4A-8412-407D-B85F-A4A60012C061}.Release|Any CPU.Build.0 = Release|Any CPU
		{819569A2-C97E-43DD-93BE-FB30B3EC918F}.Debug|Any CPU.ActiveCfg = Debug|Any CPU
		{819569A2-C97E-43DD-93BE-FB30B3EC918F}.Debug|Any CPU.Build.0 = Debug|Any CPU
		{819569A2-C97E-43DD-93BE-FB30B3EC918F}.Release|Any CPU.ActiveCfg = Release|Any CPU
		{819569A2-C97E-43DD-93BE-FB30B3EC918F}.Release|Any CPU.Build.0 = Release|Any CPU
		{220BF5D7-0225-4037-BCA3-987A3BB63504}.Debug|Any CPU.ActiveCfg = Debug|Any CPU
		{220BF5D7-0225-4037-BCA3-987A3BB63504}.Debug|Any CPU.Build.0 = Debug|Any CPU
		{220BF5D7-0225-4037-BCA3-987A3BB63504}.Release|Any CPU.ActiveCfg = Release|Any CPU
		{220BF5D7-0225-4037-BCA3-987A3BB63504}.Release|Any CPU.Build.0 = Release|Any CPU
		{F36B56B5-B5C9-40A7-BD32-1F56DAC4AFE6}.Debug|Any CPU.ActiveCfg = Debug|Any CPU
		{F36B56B5-B5C9-40A7-BD32-1F56DAC4AFE6}.Debug|Any CPU.Build.0 = Debug|Any CPU
		{F36B56B5-B5C9-40A7-BD32-1F56DAC4AFE6}.Release|Any CPU.ActiveCfg = Release|Any CPU
		{F36B56B5-B5C9-40A7-BD32-1F56DAC4AFE6}.Release|Any CPU.Build.0 = Release|Any CPU
		{5EA1267D-7064-44A2-B56C-CA5F7F1F11C3}.Debug|Any CPU.ActiveCfg = Debug|Any CPU
		{5EA1267D-7064-44A2-B56C-CA5F7F1F11C3}.Debug|Any CPU.Build.0 = Debug|Any CPU
		{5EA1267D-7064-44A2-B56C-CA5F7F1F11C3}.Release|Any CPU.ActiveCfg = Release|Any CPU
		{5EA1267D-7064-44A2-B56C-CA5F7F1F11C3}.Release|Any CPU.Build.0 = Release|Any CPU
		{CCBE7C36-F832-4008-B2BB-3C0F03B39DD4}.Debug|Any CPU.ActiveCfg = Debug|Any CPU
		{CCBE7C36-F832-4008-B2BB-3C0F03B39DD4}.Debug|Any CPU.Build.0 = Debug|Any CPU
		{CCBE7C36-F832-4008-B2BB-3C0F03B39DD4}.Release|Any CPU.ActiveCfg = Release|Any CPU
		{CCBE7C36-F832-4008-B2BB-3C0F03B39DD4}.Release|Any CPU.Build.0 = Release|Any CPU
	EndGlobalSection
	GlobalSection(SolutionProperties) = preSolution
		HideSolutionNode = FALSE
	EndGlobalSection
	GlobalSection(ExtensibilityGlobals) = postSolution
		SolutionGuid = {ED38595C-32F9-407F-9562-8785C61D5DF3}
	EndGlobalSection
EndGlobal
